
Microsoft Visual Studio Solution File, Format Version 12.00
# Visual Studio Version 17
VisualStudioVersion = 17.4.33122.133
MinimumVisualStudioVersion = 10.0.40219.1
Project("{9A19103F-16F7-4668-BE54-9A1E7A4F7556}") = "KLGproject", "KLGproject\KLGproject.csproj", "{7C17D292-1D04-45AF-AF4D-6C282C3E35DA}"
EndProject
Global
	GlobalSection(SolutionConfigurationPlatforms) = preSolution
		Debug|Any CPU = Debug|Any CPU
		Release|Any CPU = Release|Any CPU
	EndGlobalSection
	GlobalSection(ProjectConfigurationPlatforms) = postSolution
		{7C17D292-1D04-45AF-AF4D-6C282C3E35DA}.Debug|Any CPU.ActiveCfg = Debug|Any CPU
		{7C17D292-1D04-45AF-AF4D-6C282C3E35DA}.Debug|Any CPU.Build.0 = Debug|Any CPU
		{7C17D292-1D04-45AF-AF4D-6C282C3E35DA}.Release|Any CPU.ActiveCfg = Release|Any CPU
		{7C17D292-1D04-45AF-AF4D-6C282C3E35DA}.Release|Any CPU.Build.0 = Release|Any CPU
	EndGlobalSection
	GlobalSection(SolutionProperties) = preSolution
		HideSolutionNode = FALSE
	EndGlobalSection
	GlobalSection(ExtensibilityGlobals) = postSolution
		SolutionGuid = {6E8890FE-ED5B-483C-8A32-A27624AA8DBE}
	EndGlobalSection
EndGlobal
